
Microsoft Visual Studio Solution File, Format Version 12.00
# Visual Studio 15
VisualStudioVersion = 15.0.28307.1300
MinimumVisualStudioVersion = 10.0.40219.1
Project("{FAE04EC0-301F-11D3-BF4B-00C04F79EFBC}") = "FuncaoSistemas_FM", "FuncaoSistemas_FM\FuncaoSistemas_FM.csproj", "{9A5EB661-0E8A-4C80-BEA3-C0057F5804F3}"
EndProject
Project("{FAE04EC0-301F-11D3-BF4B-00C04F79EFBC}") = "Infra_FM", "Infra_FM\Infra_FM.csproj", "{C9234863-4B7E-439C-A29E-6FD2C9739DCA}"
EndProject
Global
	GlobalSection(SolutionConfigurationPlatforms) = preSolution
		Debug|Any CPU = Debug|Any CPU
		Release|Any CPU = Release|Any CPU
	EndGlobalSection
	GlobalSection(ProjectConfigurationPlatforms) = postSolution
		{9A5EB661-0E8A-4C80-BEA3-C0057F5804F3}.Debug|Any CPU.ActiveCfg = Debug|Any CPU
		{9A5EB661-0E8A-4C80-BEA3-C0057F5804F3}.Debug|Any CPU.Build.0 = Debug|Any CPU
		{9A5EB661-0E8A-4C80-BEA3-C0057F5804F3}.Release|Any CPU.ActiveCfg = Release|Any CPU
		{9A5EB661-0E8A-4C80-BEA3-C0057F5804F3}.Release|Any CPU.Build.0 = Release|Any CPU
		{C9234863-4B7E-439C-A29E-6FD2C9739DCA}.Debug|Any CPU.ActiveCfg = Debug|Any CPU
		{C9234863-4B7E-439C-A29E-6FD2C9739DCA}.Debug|Any CPU.Build.0 = Debug|Any CPU
		{C9234863-4B7E-439C-A29E-6FD2C9739DCA}.Release|Any CPU.ActiveCfg = Release|Any CPU
		{C9234863-4B7E-439C-A29E-6FD2C9739DCA}.Release|Any CPU.Build.0 = Release|Any CPU
	EndGlobalSection
	GlobalSection(SolutionProperties) = preSolution
		HideSolutionNode = FALSE
	EndGlobalSection
	GlobalSection(ExtensibilityGlobals) = postSolution
		SolutionGuid = {F8C6B1C6-29DC-41B8-A476-39F9A7E1D125}
	EndGlobalSection
EndGlobal
